
Microsoft Visual Studio Solution File, Format Version 12.00
# Visual Studio Version 17
VisualStudioVersion = 17.0.31903.59
MinimumVisualStudioVersion = 10.0.40219.1
Project("{2150E333-8FDC-42A3-9474-1A3956D46DE8}") = "src", "src", "{827E0CD3-B72D-47B6-A68D-7590B98EB39B}"
EndProject
Project("{FAE04EC0-301F-11D3-BF4B-00C04F79EFBC}") = "RestaurantManagement.Domain", "src\RestaurantManagement.Domain\RestaurantManagement.Domain.csproj", "{44781854-11CF-4520-99AE-E9FAAFE72FE1}"
EndProject
Project("{FAE04EC0-301F-11D3-BF4B-00C04F79EFBC}") = "RestaurantManagement.Application", "src\RestaurantManagement.Application\RestaurantManagement.Application.csproj", "{E461E382-1312-4777-9A8A-2D0D50B02EE8}"
EndProject
Project("{FAE04EC0-301F-11D3-BF4B-00C04F79EFBC}") = "RestaurantManagement.Infrastructure", "src\RestaurantManagement.Infrastructure\RestaurantManagement.Infrastructure.csproj", "{80775F46-8106-4487-B658-70676EB383CF}"
EndProject
Project("{FAE04EC0-301F-11D3-BF4B-00C04F79EFBC}") = "RestaurantManagement.API", "src\RestaurantManagement.API\RestaurantManagement.API.csproj", "{AC292CB2-DE4E-4F2E-B2E6-A2FC56F2CD32}"
EndProject
Project("{FAE04EC0-301F-11D3-BF4B-00C04F79EFBC}") = "RestaurantManagement.API.Tests", "RestaurantManagement.API.Tests\RestaurantManagement.API.Tests.csproj", "{223A1DCB-C747-48F5-B1F2-50FF7A65EC87}"
EndProject
Global
	GlobalSection(SolutionConfigurationPlatforms) = preSolution
		Debug|Any CPU = Debug|Any CPU
		Debug|x64 = Debug|x64
		Debug|x86 = Debug|x86
		Release|Any CPU = Release|Any CPU
		Release|x64 = Release|x64
		Release|x86 = Release|x86
	EndGlobalSection
	GlobalSection(ProjectConfigurationPlatforms) = postSolution
		{44781854-11CF-4520-99AE-E9FAAFE72FE1}.Debug|Any CPU.ActiveCfg = Debug|Any CPU
		{44781854-11CF-4520-99AE-E9FAAFE72FE1}.Debug|Any CPU.Build.0 = Debug|Any CPU
		{44781854-11CF-4520-99AE-E9FAAFE72FE1}.Debug|x64.ActiveCfg = Debug|Any CPU
		{44781854-11CF-4520-99AE-E9FAAFE72FE1}.Debug|x64.Build.0 = Debug|Any CPU
		{44781854-11CF-4520-99AE-E9FAAFE72FE1}.Debug|x86.ActiveCfg = Debug|Any CPU
		{44781854-11CF-4520-99AE-E9FAAFE72FE1}.Debug|x86.Build.0 = Debug|Any CPU
		{44781854-11CF-4520-99AE-E9FAAFE72FE1}.Release|Any CPU.ActiveCfg = Release|Any CPU
		{44781854-11CF-4520-99AE-E9FAAFE72FE1}.Release|Any CPU.Build.0 = Release|Any CPU
		{44781854-11CF-4520-99AE-E9FAAFE72FE1}.Release|x64.ActiveCfg = Release|Any CPU
		{44781854-11CF-4520-99AE-E9FAAFE72FE1}.Release|x64.Build.0 = Release|Any CPU
		{44781854-11CF-4520-99AE-E9FAAFE72FE1}.Release|x86.ActiveCfg = Release|Any CPU
		{44781854-11CF-4520-99AE-E9FAAFE72FE1}.Release|x86.Build.0 = Release|Any CPU
		{E461E382-1312-4777-9A8A-2D0D50B02EE8}.Debug|Any CPU.ActiveCfg = Debug|Any CPU
		{E461E382-1312-4777-9A8A-2D0D50B02EE8}.Debug|Any CPU.Build.0 = Debug|Any CPU
		{E461E382-1312-4777-9A8A-2D0D50B02EE8}.Debug|x64.ActiveCfg = Debug|Any CPU
		{E461E382-1312-4777-9A8A-2D0D50B02EE8}.Debug|x64.Build.0 = Debug|Any CPU
		{E461E382-1312-4777-9A8A-2D0D50B02EE8}.Debug|x86.ActiveCfg = Debug|Any CPU
		{E461E382-1312-4777-9A8A-2D0D50B02EE8}.Debug|x86.Build.0 = Debug|Any CPU
		{E461E382-1312-4777-9A8A-2D0D50B02EE8}.Release|Any CPU.ActiveCfg = Release|Any CPU
		{E461E382-1312-4777-9A8A-2D0D50B02EE8}.Release|Any CPU.Build.0 = Release|Any CPU
		{E461E382-1312-4777-9A8A-2D0D50B02EE8}.Release|x64.ActiveCfg = Release|Any CPU
		{E461E382-1312-4777-9A8A-2D0D50B02EE8}.Release|x64.Build.0 = Release|Any CPU
		{E461E382-1312-4777-9A8A-2D0D50B02EE8}.Release|x86.ActiveCfg = Release|Any CPU
		{E461E382-1312-4777-9A8A-2D0D50B02EE8}.Release|x86.Build.0 = Release|Any CPU
		{80775F46-8106-4487-B658-70676EB383CF}.Debug|Any CPU.ActiveCfg = Debug|Any CPU
		{80775F46-8106-4487-B658-70676EB383CF}.Debug|Any CPU.Build.0 = Debug|Any CPU
		{80775F46-8106-4487-B658-70676EB383CF}.Debug|x64.ActiveCfg = Debug|Any CPU
		{80775F46-8106-4487-B658-70676EB383CF}.Debug|x64.Build.0 = Debug|Any CPU
		{80775F46-8106-4487-B658-70676EB383CF}.Debug|x86.ActiveCfg = Debug|Any CPU
		{80775F46-8106-4487-B658-70676EB383CF}.Debug|x86.Build.0 = Debug|Any CPU
		{80775F46-8106-4487-B658-70676EB383CF}.Release|Any CPU.ActiveCfg = Release|Any CPU
		{80775F46-8106-4487-B658-70676EB383CF}.Release|Any CPU.Build.0 = Release|Any CPU
		{80775F46-8106-4487-B658-70676EB383CF}.Release|x64.ActiveCfg = Release|Any CPU
		{80775F46-8106-4487-B658-70676EB383CF}.Release|x64.Build.0 = Release|Any CPU
		{80775F46-8106-4487-B658-70676EB383CF}.Release|x86.ActiveCfg = Release|Any CPU
		{80775F46-8106-4487-B658-70676EB383CF}.Release|x86.Build.0 = Release|Any CPU
		{AC292CB2-DE4E-4F2E-B2E6-A2FC56F2CD32}.Debug|Any CPU.ActiveCfg = Debug|Any CPU
		{AC292CB2-DE4E-4F2E-B2E6-A2FC56F2CD32}.Debug|Any CPU.Build.0 = Debug|Any CPU
		{AC292CB2-DE4E-4F2E-B2E6-A2FC56F2CD32}.Debug|x64.ActiveCfg = Debug|Any CPU
		{AC292CB2-DE4E-4F2E-B2E6-A2FC56F2CD32}.Debug|x64.Build.0 = Debug|Any CPU
		{AC292CB2-DE4E-4F2E-B2E6-A2FC56F2CD32}.Debug|x86.ActiveCfg = Debug|Any CPU
		{AC292CB2-DE4E-4F2E-B2E6-A2FC56F2CD32}.Debug|x86.Build.0 = Debug|Any CPU
		{AC292CB2-DE4E-4F2E-B2E6-A2FC56F2CD32}.Release|Any CPU.ActiveCfg = Release|Any CPU
		{AC292CB2-DE4E-4F2E-B2E6-A2FC56F2CD32}.Release|Any CPU.Build.0 = Release|Any CPU
		{AC292CB2-DE4E-4F2E-B2E6-A2FC56F2CD32}.Release|x64.ActiveCfg = Release|Any CPU
		{AC292CB2-DE4E-4F2E-B2E6-A2FC56F2CD32}.Release|x64.Build.0 = Release|Any CPU
		{AC292CB2-DE4E-4F2E-B2E6-A2FC56F2CD32}.Release|x86.ActiveCfg = Release|Any CPU
		{AC292CB2-DE4E-4F2E-B2E6-A2FC56F2CD32}.Release|x86.Build.0 = Release|Any CPU
		{223A1DCB-C747-48F5-B1F2-50FF7A65EC87}.Debug|Any CPU.ActiveCfg = Debug|Any CPU
		{223A1DCB-C747-48F5-B1F2-50FF7A65EC87}.Debug|Any CPU.Build.0 = Debug|Any CPU
		{223A1DCB-C747-48F5-B1F2-50FF7A65EC87}.Debug|x64.ActiveCfg = Debug|Any CPU
		{223A1DCB-C747-48F5-B1F2-50FF7A65EC87}.Debug|x64.Build.0 = Debug|Any CPU
		{223A1DCB-C747-48F5-B1F2-50FF7A65EC87}.Debug|x86.ActiveCfg = Debug|Any CPU
		{223A1DCB-C747-48F5-B1F2-50FF7A65EC87}.Debug|x86.Build.0 = Debug|Any CPU
		{223A1DCB-C747-48F5-B1F2-50FF7A65EC87}.Release|Any CPU.ActiveCfg = Release|Any CPU
		{223A1DCB-C747-48F5-B1F2-50FF7A65EC87}.Release|Any CPU.Build.0 = Release|Any CPU
		{223A1DCB-C747-48F5-B1F2-50FF7A65EC87}.Release|x64.ActiveCfg = Release|Any CPU
		{223A1DCB-C747-48F5-B1F2-50FF7A65EC87}.Release|x64.Build.0 = Release|Any CPU
		{223A1DCB-C747-48F5-B1F2-50FF7A65EC87}.Release|x86.ActiveCfg = Release|Any CPU
		{223A1DCB-C747-48F5-B1F2-50FF7A65EC87}.Release|x86.Build.0 = Release|Any CPU
	EndGlobalSection
	GlobalSection(SolutionProperties) = preSolution
		HideSolutionNode = FALSE
	EndGlobalSection
	GlobalSection(NestedProjects) = preSolution
		{44781854-11CF-4520-99AE-E9FAAFE72FE1} = {827E0CD3-B72D-47B6-A68D-7590B98EB39B}
		{E461E382-1312-4777-9A8A-2D0D50B02EE8} = {827E0CD3-B72D-47B6-A68D-7590B98EB39B}
		{80775F46-8106-4487-B658-70676EB383CF} = {827E0CD3-B72D-47B6-A68D-7590B98EB39B}
		{AC292CB2-DE4E-4F2E-B2E6-A2FC56F2CD32} = {827E0CD3-B72D-47B6-A68D-7590B98EB39B}
	EndGlobalSection
EndGlobal
